
Microsoft Visual Studio Solution File, Format Version 12.00
# Visual Studio Version 17
VisualStudioVersion = 17.4.33213.308
MinimumVisualStudioVersion = 10.0.40219.1
Project("{FAE04EC0-301F-11D3-BF4B-00C04F79EFBC}") = "Tractus.SendKeyApi", "Tractus.SendKeyApi.csproj", "{977E62DE-F3B3-485E-A3FE-318C423375CA}"
EndProject
Global
	GlobalSection(SolutionConfigurationPlatforms) = preSolution
		Debug|Any CPU = Debug|Any CPU
		Release|Any CPU = Release|Any CPU
	EndGlobalSection
	GlobalSection(ProjectConfigurationPlatforms) = postSolution
		{977E62DE-F3B3-485E-A3FE-318C423375CA}.Debug|Any CPU.ActiveCfg = Debug|Any CPU
		{977E62DE-F3B3-485E-A3FE-318C423375CA}.Debug|Any CPU.Build.0 = Debug|Any CPU
		{977E62DE-F3B3-485E-A3FE-318C423375CA}.Release|Any CPU.ActiveCfg = Release|Any CPU
		{977E62DE-F3B3-485E-A3FE-318C423375CA}.Release|Any CPU.Build.0 = Release|Any CPU
	EndGlobalSection
	GlobalSection(SolutionProperties) = preSolution
		HideSolutionNode = FALSE
	EndGlobalSection
	GlobalSection(ExtensibilityGlobals) = postSolution
		SolutionGuid = {E65D43D9-1288-419D-A265-E3B63D37A661}
	EndGlobalSection
EndGlobal
